// !$*UTF8*$!
{
	archiveVersion = 1;
	classes = {
	};
	objectVersion = 46;
	objects = {

/* Begin PBXBuildFile section */
		04DA09FF1ACF41CE00C7DC80 /* AppDelegate.swift in Sources */ = {isa = PBXBuildFile; fileRef = 04DA09FE1ACF41CE00C7DC80 /* AppDelegate.swift */; };
		04DA0A091ACF41CE00C7DC80 /* LaunchScreen.xib in Resources */ = {isa = PBXBuildFile; fileRef = 04DA0A071ACF41CE00C7DC80 /* LaunchScreen.xib */; };
		04DA0A151ACF41CE00C7DC80 /* Generic_SequenceTypeTests.swift in Sources */ = {isa = PBXBuildFile; fileRef = 04DA0A141ACF41CE00C7DC80 /* Generic_SequenceTypeTests.swift */; };
		04EF69F11ACF53E200CDE8C0 /* Generators.swift in Sources */ = {isa = PBXBuildFile; fileRef = 04EF69F01ACF53E200CDE8C0 /* Generators.swift */; };
		04EF69F31ACF545700CDE8C0 /* Collection.swift in Sources */ = {isa = PBXBuildFile; fileRef = 04EF69F21ACF545700CDE8C0 /* Collection.swift */; };
/* End PBXBuildFile section */

/* Begin PBXContainerItemProxy section */
		04DA0A0F1ACF41CE00C7DC80 /* PBXContainerItemProxy */ = {
			isa = PBXContainerItemProxy;
			containerPortal = 04DA09F11ACF41CE00C7DC80 /* Project object */;
			proxyType = 1;
			remoteGlobalIDString = 04DA09F81ACF41CE00C7DC80;
			remoteInfo = "Generic SequenceType";
		};
/* End PBXContainerItemProxy section */

/* Begin PBXFileReference section */
		04DA09F91ACF41CE00C7DC80 /* Generic SequenceType.app */ = {isa = PBXFileReference; explicitFileType = wrapper.application; includeInIndex = 0; path = "Generic SequenceType.app"; sourceTree = BUILT_PRODUCTS_DIR; };
		04DA09FD1ACF41CE00C7DC80 /* Info.plist */ = {isa = PBXFileReference; lastKnownFileType = text.plist.xml; path = Info.plist; sourceTree = "<group>"; };
		04DA09FE1ACF41CE00C7DC80 /* AppDelegate.swift */ = {isa = PBXFileReference; lastKnownFileType = sourcecode.swift; path = AppDelegate.swift; sourceTree = "<group>"; };
		04DA0A081ACF41CE00C7DC80 /* Base */ = {isa = PBXFileReference; lastKnownFileType = file.xib; name = Base; path = Base.lproj/LaunchScreen.xib; sourceTree = "<group>"; };
		04DA0A0E1ACF41CE00C7DC80 /* Generic SequenceTypeTests.xctest */ = {isa = PBXFileReference; explicitFileType = wrapper.cfbundle; includeInIndex = 0; path = "Generic SequenceTypeTests.xctest"; sourceTree = BUILT_PRODUCTS_DIR; };
		04DA0A131ACF41CE00C7DC80 /* Info.plist */ = {isa = PBXFileReference; lastKnownFileType = text.plist.xml; path = Info.plist; sourceTree = "<group>"; };
		04DA0A141ACF41CE00C7DC80 /* Generic_SequenceTypeTests.swift */ = {isa = PBXFileReference; lastKnownFileType = sourcecode.swift; path = Generic_SequenceTypeTests.swift; sourceTree = "<group>"; };
		04EF69F01ACF53E200CDE8C0 /* Generators.swift */ = {isa = PBXFileReference; fileEncoding = 4; lastKnownFileType = sourcecode.swift; path = Generators.swift; sourceTree = "<group>"; };
		04EF69F21ACF545700CDE8C0 /* Collection.swift */ = {isa = PBXFileReference; fileEncoding = 4; lastKnownFileType = sourcecode.swift; path = Collection.swift; sourceTree = "<group>"; };
/* End PBXFileReference section */

/* Begin PBXFrameworksBuildPhase section */
		04DA09F61ACF41CE00C7DC80 /* Frameworks */ = {
			isa = PBXFrameworksBuildPhase;
			buildActionMask = 2147483647;
			files = (
			);
			runOnlyForDeploymentPostprocessing = 0;
		};
		04DA0A0B1ACF41CE00C7DC80 /* Frameworks */ = {
			isa = PBXFrameworksBuildPhase;
			buildActionMask = 2147483647;
			files = (
			);
			runOnlyForDeploymentPostprocessing = 0;
		};
/* End PBXFrameworksBuildPhase section */

/* Begin PBXGroup section */
		04DA09F01ACF41CE00C7DC80 = {
			isa = PBXGroup;
			children = (
				04DA09FB1ACF41CE00C7DC80 /* Generic SequenceType */,
				04DA0A111ACF41CE00C7DC80 /* Generic SequenceTypeTests */,
				04DA09FA1ACF41CE00C7DC80 /* Products */,
			);
			sourceTree = "<group>";
		};
		04DA09FA1ACF41CE00C7DC80 /* Products */ = {
			isa = PBXGroup;
			children = (
				04DA09F91ACF41CE00C7DC80 /* Generic SequenceType.app */,
				04DA0A0E1ACF41CE00C7DC80 /* Generic SequenceTypeTests.xctest */,
			);
			name = Products;
			sourceTree = "<group>";
		};
		04DA09FB1ACF41CE00C7DC80 /* Generic SequenceType */ = {
			isa = PBXGroup;
			children = (
				04DA09FE1ACF41CE00C7DC80 /* AppDelegate.swift */,
				04EF69F21ACF545700CDE8C0 /* Collection.swift */,
				04EF69F01ACF53E200CDE8C0 /* Generators.swift */,
				04DA0A071ACF41CE00C7DC80 /* LaunchScreen.xib */,
				04DA09FC1ACF41CE00C7DC80 /* Supporting Files */,
			);
			path = "Generic SequenceType";
			sourceTree = "<group>";
		};
		04DA09FC1ACF41CE00C7DC80 /* Supporting Files */ = {
			isa = PBXGroup;
			children = (
				04DA09FD1ACF41CE00C7DC80 /* Info.plist */,
			);
			name = "Supporting Files";
			sourceTree = "<group>";
		};
		04DA0A111ACF41CE00C7DC80 /* Generic SequenceTypeTests */ = {
			isa = PBXGroup;
			children = (
				04DA0A141ACF41CE00C7DC80 /* Generic_SequenceTypeTests.swift */,
				04DA0A121ACF41CE00C7DC80 /* Supporting Files */,
			);
			path = "Generic SequenceTypeTests";
			sourceTree = "<group>";
		};
		04DA0A121ACF41CE00C7DC80 /* Supporting Files */ = {
			isa = PBXGroup;
			children = (
				04DA0A131ACF41CE00C7DC80 /* Info.plist */,
			);
			name = "Supporting Files";
			sourceTree = "<group>";
		};
/* End PBXGroup section */

/* Begin PBXNativeTarget section */
		04DA09F81ACF41CE00C7DC80 /* Generic SequenceType */ = {
			isa = PBXNativeTarget;
			buildConfigurationList = 04DA0A181ACF41CE00C7DC80 /* Build configuration list for PBXNativeTarget "Generic SequenceType" */;
			buildPhases = (
				04DA09F51ACF41CE00C7DC80 /* Sources */,
				04DA09F61ACF41CE00C7DC80 /* Frameworks */,
				04DA09F71ACF41CE00C7DC80 /* Resources */,
			);
			buildRules = (
			);
			dependencies = (
			);
			name = "Generic SequenceType";
			productName = "Generic SequenceType";
			productReference = 04DA09F91ACF41CE00C7DC80 /* Generic SequenceType.app */;
			productType = "com.apple.product-type.application";
		};
		04DA0A0D1ACF41CE00C7DC80 /* Generic SequenceTypeTests */ = {
			isa = PBXNativeTarget;
			buildConfigurationList = 04DA0A1B1ACF41CE00C7DC80 /* Build configuration list for PBXNativeTarget "Generic SequenceTypeTests" */;
			buildPhases = (
				04DA0A0A1ACF41CE00C7DC80 /* Sources */,
				04DA0A0B1ACF41CE00C7DC80 /* Frameworks */,
				04DA0A0C1ACF41CE00C7DC80 /* Resources */,
			);
			buildRules = (
			);
			dependencies = (
				04DA0A101ACF41CE00C7DC80 /* PBXTargetDependency */,
			);
			name = "Generic SequenceTypeTests";
			productName = "Generic SequenceTypeTests";
			productReference = 04DA0A0E1ACF41CE00C7DC80 /* Generic SequenceTypeTests.xctest */;
			productType = "com.apple.product-type.bundle.unit-test";
		};
/* End PBXNativeTarget section */

/* Begin PBXProject section */
		04DA09F11ACF41CE00C7DC80 /* Project object */ = {
			isa = PBXProject;
			attributes = {
				LastUpgradeCheck = 0620;
				ORGANIZATIONNAME = "Pilipenko Dima";
				TargetAttributes = {
					04DA09F81ACF41CE00C7DC80 = {
						CreatedOnToolsVersion = 6.2;
					};
					04DA0A0D1ACF41CE00C7DC80 = {
						CreatedOnToolsVersion = 6.2;
						TestTargetID = 04DA09F81ACF41CE00C7DC80;
					};
				};
			};
			buildConfigurationList = 04DA09F41ACF41CE00C7DC80 /* Build configuration list for PBXProject "Generic SequenceType" */;
			compatibilityVersion = "Xcode 3.2";
			developmentRegion = English;
			hasScannedForEncodings = 0;
			knownRegions = (
				en,
				Base,
			);
			mainGroup = 04DA09F01ACF41CE00C7DC80;
			productRefGroup = 04DA09FA1ACF41CE00C7DC80 /* Products */;
			projectDirPath = "";
			projectRoot = "";
			targets = (
				04DA09F81ACF41CE00C7DC80 /* Generic SequenceType */,
				04DA0A0D1ACF41CE00C7DC80 /* Generic SequenceTypeTests */,
			);
		};
/* End PBXProject section */

/* Begin PBXResourcesBuildPhase section */
		04DA09F71ACF41CE00C7DC80 /* Resources */ = {
			isa = PBXResourcesBuildPhase;
			buildActionMask = 2147483647;
			files = (
				04DA0A091ACF41CE00C7DC80 /* LaunchScreen.xib in Resources */,
			);
			runOnlyForDeploymentPostprocessing = 0;
		};
		04DA0A0C1ACF41CE00C7DC80 /* Resources */ = {
			isa = PBXResourcesBuildPhase;
			buildActionMask = 2147483647;
			files = (
			);
			runOnlyForDeploymentPostprocessing = 0;
		};
/* End PBXResourcesBuildPhase section */

/* Begin PBXSourcesBuildPhase section */
		04DA09F51ACF41CE00C7DC80 /* Sources */ = {
			isa = PBXSourcesBuildPhase;
			buildActionMask = 2147483647;
			files = (
				04EF69F31ACF545700CDE8C0 /* Collection.swift in Sources */,
				04DA09FF1ACF41CE00C7DC80 /* AppDelegate.swift in Sources */,
				04EF69F11ACF53E200CDE8C0 /* Generators.swift in Sources */,
			);
			runOnlyForDeploymentPostprocessing = 0;
		};
		04DA0A0A1ACF41CE00C7DC80 /* Sources */ = {
			isa = PBXSourcesBuildPhase;
			buildActionMask = 2147483647;
			files = (
				04DA0A151ACF41CE00C7DC80 /* Generic_SequenceTypeTests.swift in Sources */,
			);
			runOnlyForDeploymentPostprocessing = 0;
		};
/* End PBXSourcesBuildPhase section */

/* Begin PBXTargetDependency section */
		04DA0A101ACF41CE00C7DC80 /* PBXTargetDependency */ = {
			isa = PBXTargetDependency;
			target = 04DA09F81ACF41CE00C7DC80 /* Generic SequenceType */;
			targetProxy = 04DA0A0F1ACF41CE00C7DC80 /* PBXContainerItemProxy */;
		};
/* End PBXTargetDependency section */

/* Begin PBXVariantGroup section */
		04DA0A071ACF41CE00C7DC80 /* LaunchScreen.xib */ = {
			isa = PBXVariantGroup;
			children = (
				04DA0A081ACF41CE00C7DC80 /* Base */,
			);
			name = LaunchScreen.xib;
			sourceTree = "<group>";
		};
/* End PBXVariantGroup section */

/* Begin XCBuildConfiguration section */
		04DA0A161ACF41CE00C7DC80 /* Debug */ = {
			isa = XCBuildConfiguration;
			buildSettings = {
				ALWAYS_SEARCH_USER_PATHS = NO;
				CLANG_CXX_LANGUAGE_STANDARD = "gnu++0x";
				CLANG_CXX_LIBRARY = "libc++";
				CLANG_ENABLE_MODULES = YES;
				CLANG_ENABLE_OBJC_ARC = YES;
				CLANG_WARN_BOOL_CONVERSION = YES;
				CLANG_WARN_CONSTANT_CONVERSION = YES;
				CLANG_WARN_DIRECT_OBJC_ISA_USAGE = YES_ERROR;
				CLANG_WARN_EMPTY_BODY = YES;
				CLANG_WARN_ENUM_CONVERSION = YES;
				CLANG_WARN_INT_CONVERSION = YES;
				CLANG_WARN_OBJC_ROOT_CLASS = YES_ERROR;
				CLANG_WARN_UNREACHABLE_CODE = YES;
				CLANG_WARN__DUPLICATE_METHOD_MATCH = YES;
				"CODE_SIGN_IDENTITY[sdk=iphoneos*]" = "iPhone Developer";
				COPY_PHASE_STRIP = NO;
				ENABLE_STRICT_OBJC_MSGSEND = YES;
				GCC_C_LANGUAGE_STANDARD = gnu99;
				GCC_DYNAMIC_NO_PIC = NO;
				GCC_OPTIMIZATION_LEVEL = 0;
				GCC_PREPROCESSOR_DEFINITIONS = (
					"DEBUG=1",
					"$(inherited)",
				);
				GCC_SYMBOLS_PRIVATE_EXTERN = NO;
				GCC_WARN_64_TO_32_BIT_CONVERSION = YES;
				GCC_WARN_ABOUT_RETURN_TYPE = YES_ERROR;
				GCC_WARN_UNDECLARED_SELECTOR = YES;
				GCC_WARN_UNINITIALIZED_AUTOS = YES_AGGRESSIVE;
				GCC_WARN_UNUSED_FUNCTION = YES;
				GCC_WARN_UNUSED_VARIABLE = YES;
				IPHONEOS_DEPLOYMENT_TARGET = 8.2;
				MTL_ENABLE_DEBUG_INFO = YES;
				ONLY_ACTIVE_ARCH = YES;
				SDKROOT = iphoneos;
				SWIFT_OPTIMIZATION_LEVEL = "-Onone";
			};
			name = Debug;
		};
		04DA0A171ACF41CE00C7DC80 /* Release */ = {
			isa = XCBuildConfiguration;
			buildSettings = {
				ALWAYS_SEARCH_USER_PATHS = NO;
				CLANG_CXX_LANGUAGE_STANDARD = "gnu++0x";
				CLANG_CXX_LIBRARY = "libc++";
				CLANG_ENABLE_MODULES = YES;
				CLANG_ENABLE_OBJC_ARC = YES;
				CLANG_WARN_BOOL_CONVERSION = YES;
				CLANG_WARN_CONSTANT_CONVERSION = YES;
				CLANG_WARN_DIRECT_OBJC_ISA_USAGE = YES_ERROR;
				CLANG_WARN_EMPTY_BODY = YES;
				CLANG_WARN_ENUM_CONVERSION = YES;
				CLANG_WARN_INT_CONVERSION = YES;
				CLANG_WARN_OBJC_ROOT_CLASS = YES_ERROR;
				CLANG_WARN_UNREACHABLE_CODE = YES;
				CLANG_WARN__DUPLICATE_METHOD_MATCH = YES;
				"CODE_SIGN_IDENTITY[sdk=iphoneos*]" = "iPhone Developer";
				COPY_PHASE_STRIP = NO;
				ENABLE_NS_ASSERTIONS = NO;
				ENABLE_STRICT_OBJC_MSGSEND = YES;
				GCC_C_LANGUAGE_STANDARD = gnu99;
				GCC_WARN_64_TO_32_BIT_CONVERSION = YES;
				GCC_WARN_ABOUT_RETURN_TYPE = YES_ERROR;
				GCC_WARN_UNDECLARED_SELECTOR = YES;
				GCC_WARN_UNINITIALIZED_AUTOS = YES_AGGRESSIVE;
				GCC_WARN_UNUSED_FUNCTION = YES;
				GCC_WARN_UNUSED_VARIABLE = YES;
				IPHONEOS_DEPLOYMENT_TARGET = 8.2;
				MTL_ENABLE_DEBUG_INFO = NO;
				SDKROOT = iphoneos;
				VALIDATE_PRODUCT = YES;
			};
			name = Release;
		};
		04DA0A191ACF41CE00C7DC80 /* Debug */ = {
			isa = XCBuildConfiguration;
			buildSettings = {
				ASSETCATALOG_COMPILER_APPICON_NAME = AppIcon;
				INFOPLIST_FILE = "Generic SequenceType/Info.plist";
				LD_RUNPATH_SEARCH_PATHS = "$(inherited) @executable_path/Frameworks";
				PRODUCT_NAME = "$(TARGET_NAME)";
			};
			name = Debug;
		};
		04DA0A1A1ACF41CE00C7DC80 /* Release */ = {
			isa = XCBuildConfiguration;
			buildSettings = {
				ASSETCATALOG_COMPILER_APPICON_NAME = AppIcon;
				INFOPLIST_FILE = "Generic SequenceType/Info.plist";
				LD_RUNPATH_SEARCH_PATHS = "$(inherited) @executable_path/Frameworks";
				PRODUCT_NAME = "$(TARGET_NAME)";
			};
			name = Release;
		};
		04DA0A1C1ACF41CE00C7DC80 /* Debug */ = {
			isa = XCBuildConfiguration;
			buildSettings = {
				BUNDLE_LOADER = "$(TEST_HOST)";
				FRAMEWORK_SEARCH_PATHS = (
					"$(SDKROOT)/Developer/Library/Frameworks",
					"$(inherited)",
				);
				GCC_PREPROCESSOR_DEFINITIONS = (
					"DEBUG=1",
					"$(inherited)",
				);
				INFOPLIST_FILE = "Generic SequenceTypeTests/Info.plist";
				LD_RUNPATH_SEARCH_PATHS = "$(inherited) @executable_path/Frameworks @loader_path/Frameworks";
				PRODUCT_NAME = "$(TARGET_NAME)";
				TEST_HOST = "$(BUILT_PRODUCTS_DIR)/Generic SequenceType.app/Generic SequenceType";
			};
			name = Debug;
		};
		04DA0A1D1ACF41CE00C7DC80 /* Release */ = {
			isa = XCBuildConfiguration;
			buildSettings = {
				BUNDLE_LOADER = "$(TEST_HOST)";
				FRAMEWORK_SEARCH_PATHS = (
					"$(SDKROOT)/Developer/Library/Frameworks",
					"$(inherited)",
				);
				INFOPLIST_FILE = "Generic SequenceTypeTests/Info.plist";
				LD_RUNPATH_SEARCH_PATHS = "$(inherited) @executable_path/Frameworks @loader_path/Frameworks";
				PRODUCT_NAME = "$(TARGET_NAME)";
				TEST_HOST = "$(BUILT_PRODUCTS_DIR)/Generic SequenceType.app/Generic SequenceType";
			};
			name = Release;
		};
/* End XCBuildConfiguration section */

/* Begin XCConfigurationList section */
		04DA09F41ACF41CE00C7DC80 /* Build configuration list for PBXProject "Generic SequenceType" */ = {
			isa = XCConfigurationList;
			buildConfigurations = (
				04DA0A161ACF41CE00C7DC80 /* Debug */,
				04DA0A171ACF41CE00C7DC80 /* Release */,
			);
			defaultConfigurationIsVisible = 0;
			defaultConfigurationName = Release;
		};
		04DA0A181ACF41CE00C7DC80 /* Build configuration list for PBXNativeTarget "Generic SequenceType" */ = {
			isa = XCConfigurationList;
			buildConfigurations = (
				04DA0A191ACF41CE00C7DC80 /* Debug */,
				04DA0A1A1ACF41CE00C7DC80 /* Release */,
			);
			defaultConfigurationIsVisible = 0;
			defaultConfigurationName = Release;
		};
		04DA0A1B1ACF41CE00C7DC80 /* Build configuration list for PBXNativeTarget "Generic SequenceTypeTests" */ = {
			isa = XCConfigurationList;
			buildConfigurations = (
				04DA0A1C1ACF41CE00C7DC80 /* Debug */,
				04DA0A1D1ACF41CE00C7DC80 /* Release */,
			);
			defaultConfigurationIsVisible = 0;
			defaultConfigurationName = Release;
		};
/* End XCConfigurationList section */
	};
	rootObject = 04DA09F11ACF41CE00C7DC80 /* Project object */;
}
